// !$*UTF8*$!
{
	archiveVersion = 1;
	classes = {
	};
	objectVersion = 56;
	objects = {

/* Begin PBXBuildFile section */
		1A0035EC2C66114B00DC89C0 /* MovieFlickApp.swift in Sources */ = {isa = PBXBuildFile; fileRef = 1A0035EB2C66114B00DC89C0 /* MovieFlickApp.swift */; };
		1A0035EE2C66114B00DC89C0 /* MainAppView.swift in Sources */ = {isa = PBXBuildFile; fileRef = 1A0035ED2C66114B00DC89C0 /* MainAppView.swift */; };
		1A0035F02C66114C00DC89C0 /* Assets.xcassets in Resources */ = {isa = PBXBuildFile; fileRef = 1A0035EF2C66114C00DC89C0 /* Assets.xcassets */; };
		1A0035F32C66114C00DC89C0 /* Preview Assets.xcassets in Resources */ = {isa = PBXBuildFile; fileRef = 1A0035F22C66114C00DC89C0 /* Preview Assets.xcassets */; };
		1A00363B2C6DE69500DC89C0 /* MovieSwipeView.swift in Sources */ = {isa = PBXBuildFile; fileRef = 1A00363A2C6DE69500DC89C0 /* MovieSwipeView.swift */; };
		1A0036402C6DF5B100DC89C0 /* SwipeGestureModifier.swift in Sources */ = {isa = PBXBuildFile; fileRef = 1A00363F2C6DF5B100DC89C0 /* SwipeGestureModifier.swift */; };
		1A0036422C6DF5F500DC89C0 /* PosterImgModfier.swift in Sources */ = {isa = PBXBuildFile; fileRef = 1A0036412C6DF5F500DC89C0 /* PosterImgModfier.swift */; };
		1A0036442C6DF64400DC89C0 /* View+Extension.swift in Sources */ = {isa = PBXBuildFile; fileRef = 1A0036432C6DF64400DC89C0 /* View+Extension.swift */; };
		1A0036462C6DF67800DC89C0 /* Image+Extension.swift in Sources */ = {isa = PBXBuildFile; fileRef = 1A0036452C6DF67800DC89C0 /* Image+Extension.swift */; };
		1A0036692C6F48F600DC89C0 /* PackageNetwork in Frameworks */ = {isa = PBXBuildFile; productRef = 1A0036682C6F48F600DC89C0 /* PackageNetwork */; };
		1A0036782C7335C500DC89C0 /* SwipeViewPreviewData.swift in Sources */ = {isa = PBXBuildFile; fileRef = 1A0036772C7335C500DC89C0 /* SwipeViewPreviewData.swift */; };
		1ABFB2572C7B05A600473726 /* SwipeCard.swift in Sources */ = {isa = PBXBuildFile; fileRef = 1ABFB2562C7B05A600473726 /* SwipeCard.swift */; };
		1ABFB2592C7B060700473726 /* CardStackView.swift in Sources */ = {isa = PBXBuildFile; fileRef = 1ABFB2582C7B060700473726 /* CardStackView.swift */; };
		1ABFB25B2C7B071600473726 /* MovieFlickViewModel.swift in Sources */ = {isa = PBXBuildFile; fileRef = 1ABFB25A2C7B071600473726 /* MovieFlickViewModel.swift */; };
		1ABFB25D2C7CE40200473726 /* NextPlayerView.swift in Sources */ = {isa = PBXBuildFile; fileRef = 1ABFB25C2C7CE40200473726 /* NextPlayerView.swift */; };
		1ABFB2612C7DC34200473726 /* ResultsView.swift in Sources */ = {isa = PBXBuildFile; fileRef = 1ABFB2602C7DC34200473726 /* ResultsView.swift */; };
		1ABFB2632C7DCE2200473726 /* UIDevice+Extension.swift in Sources */ = {isa = PBXBuildFile; fileRef = 1ABFB2622C7DCE2200473726 /* UIDevice+Extension.swift */; };
		1ABFB2652C7E16F700473726 /* BackButtonComponent.swift in Sources */ = {isa = PBXBuildFile; fileRef = 1ABFB2642C7E16F700473726 /* BackButtonComponent.swift */; };
		1ABFB2672C7F0ADC00473726 /* CustomErrorView.swift in Sources */ = {isa = PBXBuildFile; fileRef = 1ABFB2662C7F0ADC00473726 /* CustomErrorView.swift */; };
		5F0A47C82C6FA83700EAFC02 /* StartView.swift in Sources */ = {isa = PBXBuildFile; fileRef = 5F0A47C72C6FA83700EAFC02 /* StartView.swift */; };
		5F0A47CA2C6FAF7300EAFC02 /* PlayersView.swift in Sources */ = {isa = PBXBuildFile; fileRef = 5F0A47C92C6FAF7300EAFC02 /* PlayersView.swift */; };
		5F1546C52C85A2A50089DB5D /* movieLoading.gif in Resources */ = {isa = PBXBuildFile; fileRef = 5F1546C42C85A2A50089DB5D /* movieLoading.gif */; };
		5F1919022C845F1300BDCF48 /* LoadingSelectingView.swift in Sources */ = {isa = PBXBuildFile; fileRef = 5F1919012C845F1300BDCF48 /* LoadingSelectingView.swift */; };
		5F51D2AC2C80C06400BA1318 /* MovieSelectionView.swift in Sources */ = {isa = PBXBuildFile; fileRef = 5F51D2AB2C80C06400BA1318 /* MovieSelectionView.swift */; };
		5F5BC29C2C724ABE0019D8AC /* AppBackground.swift in Sources */ = {isa = PBXBuildFile; fileRef = 5F5BC29B2C724ABE0019D8AC /* AppBackground.swift */; };
		5FC30F1E2C870D3D00D07EAD /* TipKit.swift in Sources */ = {isa = PBXBuildFile; fileRef = 5FC30F1D2C870D3D00D07EAD /* TipKit.swift */; };
		5FE312922C75E70700C0971F /* PlayerTextField.swift in Sources */ = {isa = PBXBuildFile; fileRef = 5FE312912C75E70700C0971F /* PlayerTextField.swift */; };
		5FEDFE1F2C83786900A01C04 /* GifImage.swift in Sources */ = {isa = PBXBuildFile; fileRef = 5FEDFE1E2C83786900A01C04 /* GifImage.swift */; };
		5FFFEC552C71D738002FB36B /* ChooseTypeView.swift in Sources */ = {isa = PBXBuildFile; fileRef = 5FFFEC542C71D738002FB36B /* ChooseTypeView.swift */; };
		A106CFD32C73502200762871 /* FilterView.swift in Sources */ = {isa = PBXBuildFile; fileRef = A106CFD22C73502200762871 /* FilterView.swift */; };
		A106CFD52C73536000762871 /* GenreView.swift in Sources */ = {isa = PBXBuildFile; fileRef = A106CFD42C73536000762871 /* GenreView.swift */; };
		A1C77F4A2C676264008B018F /* GridCellComponent.swift in Sources */ = {isa = PBXBuildFile; fileRef = A1C77F492C676264008B018F /* GridCellComponent.swift */; };
		D30664482C89C54400ABED1A /* ProvidersView.swift in Sources */ = {isa = PBXBuildFile; fileRef = D30664472C89C54400ABED1A /* ProvidersView.swift */; };
		D306644A2C8A32A400ABED1A /* CellProvider.swift in Sources */ = {isa = PBXBuildFile; fileRef = D30664492C8A32A400ABED1A /* CellProvider.swift */; };
		D329B1432C84E07C00808E1C /* TVSerieDTOList.swift in Sources */ = {isa = PBXBuildFile; fileRef = D329B1422C84E07C00808E1C /* TVSerieDTOList.swift */; };
		D32CA7962C6A01FA009DF748 /* StarsRateComponent.swift in Sources */ = {isa = PBXBuildFile; fileRef = D32CA7952C6A01FA009DF748 /* StarsRateComponent.swift */; };
		D32CA79E2C6C07C5009DF748 /* AppButton.swift in Sources */ = {isa = PBXBuildFile; fileRef = D32CA79D2C6C07C5009DF748 /* AppButton.swift */; };
		D3BF08772C75021400F487F2 /* URL.swift in Sources */ = {isa = PBXBuildFile; fileRef = D3BF08762C75021400F487F2 /* URL.swift */; };
		D3BF08792C75025300F487F2 /* PreviewDataMovieList.json in Resources */ = {isa = PBXBuildFile; fileRef = D3BF08782C75025300F487F2 /* PreviewDataMovieList.json */; };
		D3BF087B2C75026200F487F2 /* MovieDTOList.swift in Sources */ = {isa = PBXBuildFile; fileRef = D3BF087A2C75026200F487F2 /* MovieDTOList.swift */; };
		D3BF087D2C75027700F487F2 /* Movie.swift in Sources */ = {isa = PBXBuildFile; fileRef = D3BF087C2C75027700F487F2 /* Movie.swift */; };
		D3BF087F2C75029C00F487F2 /* MovieListInteractor.swift in Sources */ = {isa = PBXBuildFile; fileRef = D3BF087E2C75029C00F487F2 /* MovieListInteractor.swift */; };
		D3BF08812C7502B900F487F2 /* AppConfig.swift in Sources */ = {isa = PBXBuildFile; fileRef = D3BF08802C7502B900F487F2 /* AppConfig.swift */; };
		D3BF08832C75030000F487F2 /* PreviewData.swift in Sources */ = {isa = PBXBuildFile; fileRef = D3BF08822C75030000F487F2 /* PreviewData.swift */; };
		D3EF5B6B2C75F9C400558003 /* Enums.swift in Sources */ = {isa = PBXBuildFile; fileRef = D3EF5B6A2C75F9C400558003 /* Enums.swift */; };
/* End PBXBuildFile section */

/* Begin PBXFileReference section */
		1A0035E82C66114B00DC89C0 /* MovieFlick.app */ = {isa = PBXFileReference; explicitFileType = wrapper.application; includeInIndex = 0; path = MovieFlick.app; sourceTree = BUILT_PRODUCTS_DIR; };
		1A0035EB2C66114B00DC89C0 /* MovieFlickApp.swift */ = {isa = PBXFileReference; lastKnownFileType = sourcecode.swift; path = MovieFlickApp.swift; sourceTree = "<group>"; };
		1A0035ED2C66114B00DC89C0 /* MainAppView.swift */ = {isa = PBXFileReference; lastKnownFileType = sourcecode.swift; path = MainAppView.swift; sourceTree = "<group>"; };
		1A0035EF2C66114C00DC89C0 /* Assets.xcassets */ = {isa = PBXFileReference; lastKnownFileType = folder.assetcatalog; path = Assets.xcassets; sourceTree = "<group>"; };
		1A0035F22C66114C00DC89C0 /* Preview Assets.xcassets */ = {isa = PBXFileReference; lastKnownFileType = folder.assetcatalog; path = "Preview Assets.xcassets"; sourceTree = "<group>"; };
		1A00363A2C6DE69500DC89C0 /* MovieSwipeView.swift */ = {isa = PBXFileReference; lastKnownFileType = sourcecode.swift; path = MovieSwipeView.swift; sourceTree = "<group>"; };
		1A00363F2C6DF5B100DC89C0 /* SwipeGestureModifier.swift */ = {isa = PBXFileReference; lastKnownFileType = sourcecode.swift; path = SwipeGestureModifier.swift; sourceTree = "<group>"; };
		1A0036412C6DF5F500DC89C0 /* PosterImgModfier.swift */ = {isa = PBXFileReference; lastKnownFileType = sourcecode.swift; path = PosterImgModfier.swift; sourceTree = "<group>"; };
		1A0036432C6DF64400DC89C0 /* View+Extension.swift */ = {isa = PBXFileReference; lastKnownFileType = sourcecode.swift; path = "View+Extension.swift"; sourceTree = "<group>"; };
		1A0036452C6DF67800DC89C0 /* Image+Extension.swift */ = {isa = PBXFileReference; lastKnownFileType = sourcecode.swift; path = "Image+Extension.swift"; sourceTree = "<group>"; };
		1A0036772C7335C500DC89C0 /* SwipeViewPreviewData.swift */ = {isa = PBXFileReference; lastKnownFileType = sourcecode.swift; path = SwipeViewPreviewData.swift; sourceTree = "<group>"; };
		1ABFB2562C7B05A600473726 /* SwipeCard.swift */ = {isa = PBXFileReference; lastKnownFileType = sourcecode.swift; path = SwipeCard.swift; sourceTree = "<group>"; };
		1ABFB2582C7B060700473726 /* CardStackView.swift */ = {isa = PBXFileReference; lastKnownFileType = sourcecode.swift; path = CardStackView.swift; sourceTree = "<group>"; };
		1ABFB25A2C7B071600473726 /* MovieFlickViewModel.swift */ = {isa = PBXFileReference; lastKnownFileType = sourcecode.swift; path = MovieFlickViewModel.swift; sourceTree = "<group>"; };
		1ABFB25C2C7CE40200473726 /* NextPlayerView.swift */ = {isa = PBXFileReference; lastKnownFileType = sourcecode.swift; path = NextPlayerView.swift; sourceTree = "<group>"; };
		1ABFB2602C7DC34200473726 /* ResultsView.swift */ = {isa = PBXFileReference; lastKnownFileType = sourcecode.swift; path = ResultsView.swift; sourceTree = "<group>"; };
		1ABFB2622C7DCE2200473726 /* UIDevice+Extension.swift */ = {isa = PBXFileReference; lastKnownFileType = sourcecode.swift; path = "UIDevice+Extension.swift"; sourceTree = "<group>"; };
		1ABFB2642C7E16F700473726 /* BackButtonComponent.swift */ = {isa = PBXFileReference; lastKnownFileType = sourcecode.swift; path = BackButtonComponent.swift; sourceTree = "<group>"; };
		1ABFB2662C7F0ADC00473726 /* CustomErrorView.swift */ = {isa = PBXFileReference; lastKnownFileType = sourcecode.swift; path = CustomErrorView.swift; sourceTree = "<group>"; };
		5F0A47C72C6FA83700EAFC02 /* StartView.swift */ = {isa = PBXFileReference; lastKnownFileType = sourcecode.swift; path = StartView.swift; sourceTree = "<group>"; };
		5F0A47C92C6FAF7300EAFC02 /* PlayersView.swift */ = {isa = PBXFileReference; lastKnownFileType = sourcecode.swift; path = PlayersView.swift; sourceTree = "<group>"; };
		5F1546C42C85A2A50089DB5D /* movieLoading.gif */ = {isa = PBXFileReference; lastKnownFileType = image.gif; path = movieLoading.gif; sourceTree = "<group>"; };
		5F1919012C845F1300BDCF48 /* LoadingSelectingView.swift */ = {isa = PBXFileReference; lastKnownFileType = sourcecode.swift; path = LoadingSelectingView.swift; sourceTree = "<group>"; };
		5F51D2AB2C80C06400BA1318 /* MovieSelectionView.swift */ = {isa = PBXFileReference; lastKnownFileType = sourcecode.swift; path = MovieSelectionView.swift; sourceTree = "<group>"; };
		5F5BC29B2C724ABE0019D8AC /* AppBackground.swift */ = {isa = PBXFileReference; lastKnownFileType = sourcecode.swift; path = AppBackground.swift; sourceTree = "<group>"; };
		5FC30F1D2C870D3D00D07EAD /* TipKit.swift */ = {isa = PBXFileReference; lastKnownFileType = sourcecode.swift; path = TipKit.swift; sourceTree = "<group>"; };
		5FE312912C75E70700C0971F /* PlayerTextField.swift */ = {isa = PBXFileReference; lastKnownFileType = sourcecode.swift; path = PlayerTextField.swift; sourceTree = "<group>"; };
		5FEDFE1E2C83786900A01C04 /* GifImage.swift */ = {isa = PBXFileReference; lastKnownFileType = sourcecode.swift; path = GifImage.swift; sourceTree = "<group>"; };
		5FFFEC542C71D738002FB36B /* ChooseTypeView.swift */ = {isa = PBXFileReference; lastKnownFileType = sourcecode.swift; path = ChooseTypeView.swift; sourceTree = "<group>"; };
		A106CFD22C73502200762871 /* FilterView.swift */ = {isa = PBXFileReference; lastKnownFileType = sourcecode.swift; path = FilterView.swift; sourceTree = "<group>"; };
		A106CFD42C73536000762871 /* GenreView.swift */ = {isa = PBXFileReference; lastKnownFileType = sourcecode.swift; path = GenreView.swift; sourceTree = "<group>"; };
		A1C77F492C676264008B018F /* GridCellComponent.swift */ = {isa = PBXFileReference; lastKnownFileType = sourcecode.swift; path = GridCellComponent.swift; sourceTree = "<group>"; };
		D30664472C89C54400ABED1A /* ProvidersView.swift */ = {isa = PBXFileReference; lastKnownFileType = sourcecode.swift; path = ProvidersView.swift; sourceTree = "<group>"; };
		D30664492C8A32A400ABED1A /* CellProvider.swift */ = {isa = PBXFileReference; lastKnownFileType = sourcecode.swift; path = CellProvider.swift; sourceTree = "<group>"; };
		D30664462C899AA300ABED1A /* PreviewDataSeriesList.json */ = {isa = PBXFileReference; lastKnownFileType = text.json; path = PreviewDataSeriesList.json; sourceTree = "<group>"; };
		D329B1422C84E07C00808E1C /* TVSerieDTOList.swift */ = {isa = PBXFileReference; lastKnownFileType = sourcecode.swift; path = TVSerieDTOList.swift; sourceTree = "<group>"; };
		D32CA7952C6A01FA009DF748 /* StarsRateComponent.swift */ = {isa = PBXFileReference; lastKnownFileType = sourcecode.swift; path = StarsRateComponent.swift; sourceTree = "<group>"; };
		D32CA79D2C6C07C5009DF748 /* AppButton.swift */ = {isa = PBXFileReference; lastKnownFileType = sourcecode.swift; path = AppButton.swift; sourceTree = "<group>"; };
		D3BF08762C75021400F487F2 /* URL.swift */ = {isa = PBXFileReference; fileEncoding = 4; lastKnownFileType = sourcecode.swift; path = URL.swift; sourceTree = "<group>"; };
		D3BF08782C75025300F487F2 /* PreviewDataMovieList.json */ = {isa = PBXFileReference; fileEncoding = 4; lastKnownFileType = text.json; path = PreviewDataMovieList.json; sourceTree = "<group>"; };
		D3BF087A2C75026200F487F2 /* MovieDTOList.swift */ = {isa = PBXFileReference; fileEncoding = 4; lastKnownFileType = sourcecode.swift; path = MovieDTOList.swift; sourceTree = "<group>"; };
		D3BF087C2C75027700F487F2 /* Movie.swift */ = {isa = PBXFileReference; fileEncoding = 4; lastKnownFileType = sourcecode.swift; path = Movie.swift; sourceTree = "<group>"; };
		D3BF087E2C75029C00F487F2 /* MovieListInteractor.swift */ = {isa = PBXFileReference; fileEncoding = 4; lastKnownFileType = sourcecode.swift; path = MovieListInteractor.swift; sourceTree = "<group>"; };
		D3BF08802C7502B900F487F2 /* AppConfig.swift */ = {isa = PBXFileReference; fileEncoding = 4; lastKnownFileType = sourcecode.swift; path = AppConfig.swift; sourceTree = "<group>"; };
		D3BF08822C75030000F487F2 /* PreviewData.swift */ = {isa = PBXFileReference; fileEncoding = 4; lastKnownFileType = sourcecode.swift; path = PreviewData.swift; sourceTree = "<group>"; };
		D3EF5B6A2C75F9C400558003 /* Enums.swift */ = {isa = PBXFileReference; lastKnownFileType = sourcecode.swift; path = Enums.swift; sourceTree = "<group>"; };
/* End PBXFileReference section */

/* Begin PBXFrameworksBuildPhase section */
		1A0035E52C66114B00DC89C0 /* Frameworks */ = {
			isa = PBXFrameworksBuildPhase;
			buildActionMask = 2147483647;
			files = (
				1A0036692C6F48F600DC89C0 /* PackageNetwork in Frameworks */,
			);
			runOnlyForDeploymentPostprocessing = 0;
		};
/* End PBXFrameworksBuildPhase section */

/* Begin PBXGroup section */
		1A0035DF2C66114B00DC89C0 = {
			isa = PBXGroup;
			children = (
				1A0035EA2C66114B00DC89C0 /* MovieFlick */,
				1A0035E92C66114B00DC89C0 /* Products */,
			);
			sourceTree = "<group>";
		};
		1A0035E92C66114B00DC89C0 /* Products */ = {
			isa = PBXGroup;
			children = (
				1A0035E82C66114B00DC89C0 /* MovieFlick.app */,
			);
			name = Products;
			sourceTree = "<group>";
		};
		1A0035EA2C66114B00DC89C0 /* MovieFlick */ = {
			isa = PBXGroup;
			children = (
				1A00361E2C6754CD00DC89C0 /* Views */,
				1A0036212C67550300DC89C0 /* ViewModels */,
				1A0036222C67551800DC89C0 /* Models */,
				1A0036262C6755B700DC89C0 /* Network */,
				1A0036292C6756B400DC89C0 /* Utils */,
				1A0036282C67560B00DC89C0 /* AppConfig */,
				1A00361D2C67548C00DC89C0 /* Resources */,
				1A00361C2C67547F00DC89C0 /* System */,
				1A0035F12C66114C00DC89C0 /* Preview Content */,
			);
			path = MovieFlick;
			sourceTree = "<group>";
		};
		1A0035F12C66114C00DC89C0 /* Preview Content */ = {
			isa = PBXGroup;
			children = (
				1A0035F22C66114C00DC89C0 /* Preview Assets.xcassets */,
				1A0036772C7335C500DC89C0 /* SwipeViewPreviewData.swift */,
				D3BF08782C75025300F487F2 /* PreviewDataMovieList.json */,
				D3BF08822C75030000F487F2 /* PreviewData.swift */,
				D30664462C899AA300ABED1A /* PreviewDataSeriesList.json */,
			);
			path = "Preview Content";
			sourceTree = "<group>";
		};
		1A00361C2C67547F00DC89C0 /* System */ = {
			isa = PBXGroup;
			children = (
				1A0035EB2C66114B00DC89C0 /* MovieFlickApp.swift */,
				D3BF08802C7502B900F487F2 /* AppConfig.swift */,
			);
			name = System;
			sourceTree = "<group>";
		};
		1A00361D2C67548C00DC89C0 /* Resources */ = {
			isa = PBXGroup;
			children = (
				1A0035EF2C66114C00DC89C0 /* Assets.xcassets */,
				5F1546C42C85A2A50089DB5D /* movieLoading.gif */,
			);
			name = Resources;
			sourceTree = "<group>";
		};
		1A00361E2C6754CD00DC89C0 /* Views */ = {
			isa = PBXGroup;
			children = (
				1A00361F2C6754E600DC89C0 /* View */,
				1A0036202C6754F100DC89C0 /* Components */,
			);
			name = Views;
			sourceTree = "<group>";
		};
		1A00361F2C6754E600DC89C0 /* View */ = {
			isa = PBXGroup;
			children = (
				1A0035ED2C66114B00DC89C0 /* MainAppView.swift */,
				1A00363A2C6DE69500DC89C0 /* MovieSwipeView.swift */,
				5F0A47C72C6FA83700EAFC02 /* StartView.swift */,
				5F0A47C92C6FAF7300EAFC02 /* PlayersView.swift */,
				5FFFEC542C71D738002FB36B /* ChooseTypeView.swift */,
				A106CFD22C73502200762871 /* FilterView.swift */,
				D30664472C89C54400ABED1A /* ProvidersView.swift */,
				A106CFD42C73536000762871 /* GenreView.swift */,
				1ABFB2582C7B060700473726 /* CardStackView.swift */,
				1ABFB25C2C7CE40200473726 /* NextPlayerView.swift */,
				1ABFB2602C7DC34200473726 /* ResultsView.swift */,
				5F51D2AB2C80C06400BA1318 /* MovieSelectionView.swift */,
			);
			name = View;
			sourceTree = "<group>";
		};
		1A0036202C6754F100DC89C0 /* Components */ = {
			isa = PBXGroup;
			children = (
				A1C77F492C676264008B018F /* GridCellComponent.swift */,
				D32CA79D2C6C07C5009DF748 /* AppButton.swift */,
				D32CA7952C6A01FA009DF748 /* StarsRateComponent.swift */,
				5FE312912C75E70700C0971F /* PlayerTextField.swift */,
				1ABFB2562C7B05A600473726 /* SwipeCard.swift */,
				1ABFB2642C7E16F700473726 /* BackButtonComponent.swift */,
				1ABFB2662C7F0ADC00473726 /* CustomErrorView.swift */,
				D30664492C8A32A400ABED1A /* CellProvider.swift */,
				5F1919012C845F1300BDCF48 /* LoadingSelectingView.swift */,
			);
			name = Components;
			sourceTree = "<group>";
		};
		1A0036212C67550300DC89C0 /* ViewModels */ = {
			isa = PBXGroup;
			children = (
				1ABFB25A2C7B071600473726 /* MovieFlickViewModel.swift */,
			);
			name = ViewModels;
			sourceTree = "<group>";
		};
		1A0036222C67551800DC89C0 /* Models */ = {
			isa = PBXGroup;
			children = (
				1A0036232C67554D00DC89C0 /* ModelDTO */,
				1A0036252C67559C00DC89C0 /* ModelOptions */,
				1A0036242C67555300DC89C0 /* Model */,
				D3EF5B6A2C75F9C400558003 /* Enums.swift */,
			);
			name = Models;
			sourceTree = "<group>";
		};
		1A0036232C67554D00DC89C0 /* ModelDTO */ = {
			isa = PBXGroup;
			children = (
				D3BF087A2C75026200F487F2 /* MovieDTOList.swift */,
				D329B1422C84E07C00808E1C /* TVSerieDTOList.swift */,
			);
			name = ModelDTO;
			sourceTree = "<group>";
		};
		1A0036242C67555300DC89C0 /* Model */ = {
			isa = PBXGroup;
			children = (
				D3BF087C2C75027700F487F2 /* Movie.swift */,
			);
			name = Model;
			sourceTree = "<group>";
		};
		1A0036252C67559C00DC89C0 /* ModelOptions */ = {
			isa = PBXGroup;
			children = (
			);
			name = ModelOptions;
			sourceTree = "<group>";
		};
		1A0036262C6755B700DC89C0 /* Network */ = {
			isa = PBXGroup;
			children = (
				1A0036272C6755E200DC89C0 /* Interactors */,
			);
			name = Network;
			sourceTree = "<group>";
		};
		1A0036272C6755E200DC89C0 /* Interactors */ = {
			isa = PBXGroup;
			children = (
				D3BF087E2C75029C00F487F2 /* MovieListInteractor.swift */,
			);
			name = Interactors;
			sourceTree = "<group>";
		};
		1A0036282C67560B00DC89C0 /* AppConfig */ = {
			isa = PBXGroup;
			children = (
			);
			name = AppConfig;
			sourceTree = "<group>";
		};
		1A0036292C6756B400DC89C0 /* Utils */ = {
			isa = PBXGroup;
			children = (
				5FC30F1C2C870CD100D07EAD /* TipKit */,
				1A00363E2C6DF5A100DC89C0 /* Modifiers */,
				1A00362A2C6756B700DC89C0 /* Extensions */,
			);
			name = Utils;
			sourceTree = "<group>";
		};
		1A00362A2C6756B700DC89C0 /* Extensions */ = {
			isa = PBXGroup;
			children = (
				1A0036432C6DF64400DC89C0 /* View+Extension.swift */,
				1A0036452C6DF67800DC89C0 /* Image+Extension.swift */,
				1ABFB2622C7DCE2200473726 /* UIDevice+Extension.swift */,
				D3BF08752C74FADF00F487F2 /* Interface */,
			);
			name = Extensions;
			sourceTree = "<group>";
		};
		1A00363E2C6DF5A100DC89C0 /* Modifiers */ = {
			isa = PBXGroup;
			children = (
				1A00363F2C6DF5B100DC89C0 /* SwipeGestureModifier.swift */,
				1A0036412C6DF5F500DC89C0 /* PosterImgModfier.swift */,
				5F5BC29B2C724ABE0019D8AC /* AppBackground.swift */,
				5FEDFE1E2C83786900A01C04 /* GifImage.swift */,
			);
			name = Modifiers;
			sourceTree = "<group>";
		};
		5FC30F1C2C870CD100D07EAD /* TipKit */ = {
			isa = PBXGroup;
			children = (
				5FC30F1D2C870D3D00D07EAD /* TipKit.swift */,
			);
			name = TipKit;
			sourceTree = "<group>";
		};
		D3BF08752C74FADF00F487F2 /* Interface */ = {
			isa = PBXGroup;
			children = (
				D3BF08762C75021400F487F2 /* URL.swift */,
			);
			name = Interface;
			sourceTree = "<group>";
		};
/* End PBXGroup section */

/* Begin PBXNativeTarget section */
		1A0035E72C66114B00DC89C0 /* MovieFlick */ = {
			isa = PBXNativeTarget;
			buildConfigurationList = 1A0035F62C66114C00DC89C0 /* Build configuration list for PBXNativeTarget "MovieFlick" */;
			buildPhases = (
				1A0035E42C66114B00DC89C0 /* Sources */,
				1A0035E52C66114B00DC89C0 /* Frameworks */,
				1A0035E62C66114B00DC89C0 /* Resources */,
			);
			buildRules = (
			);
			dependencies = (
			);
			name = MovieFlick;
			packageProductDependencies = (
				1A0036682C6F48F600DC89C0 /* PackageNetwork */,
			);
			productName = MovieFlick;
			productReference = 1A0035E82C66114B00DC89C0 /* MovieFlick.app */;
			productType = "com.apple.product-type.application";
		};
/* End PBXNativeTarget section */

/* Begin PBXProject section */
		1A0035E02C66114B00DC89C0 /* Project object */ = {
			isa = PBXProject;
			attributes = {
				BuildIndependentTargetsInParallel = 1;
				LastSwiftUpdateCheck = 1540;
				LastUpgradeCheck = 1540;
				TargetAttributes = {
					1A0035E72C66114B00DC89C0 = {
						CreatedOnToolsVersion = 15.4;
					};
				};
			};
			buildConfigurationList = 1A0035E32C66114B00DC89C0 /* Build configuration list for PBXProject "MovieFlick" */;
			compatibilityVersion = "Xcode 14.0";
			developmentRegion = en;
			hasScannedForEncodings = 0;
			knownRegions = (
				en,
				Base,
			);
			mainGroup = 1A0035DF2C66114B00DC89C0;
			packageReferences = (
				1A0036672C6F48F600DC89C0 /* XCRemoteSwiftPackageReference "NetworkPackage" */,
			);
			productRefGroup = 1A0035E92C66114B00DC89C0 /* Products */;
			projectDirPath = "";
			projectRoot = "";
			targets = (
				1A0035E72C66114B00DC89C0 /* MovieFlick */,
			);
		};
/* End PBXProject section */

/* Begin PBXResourcesBuildPhase section */
		1A0035E62C66114B00DC89C0 /* Resources */ = {
			isa = PBXResourcesBuildPhase;
			buildActionMask = 2147483647;
			files = (
				D3BF08792C75025300F487F2 /* PreviewDataMovieList.json in Resources */,
				1A0035F32C66114C00DC89C0 /* Preview Assets.xcassets in Resources */,
				5F1546C52C85A2A50089DB5D /* movieLoading.gif in Resources */,
				1A0035F02C66114C00DC89C0 /* Assets.xcassets in Resources */,
			);
			runOnlyForDeploymentPostprocessing = 0;
		};
/* End PBXResourcesBuildPhase section */

/* Begin PBXSourcesBuildPhase section */
		1A0035E42C66114B00DC89C0 /* Sources */ = {
			isa = PBXSourcesBuildPhase;
			buildActionMask = 2147483647;
			files = (
				1ABFB2592C7B060700473726 /* CardStackView.swift in Sources */,
				5F1919022C845F1300BDCF48 /* LoadingSelectingView.swift in Sources */,
				1ABFB25B2C7B071600473726 /* MovieFlickViewModel.swift in Sources */,
				D3BF087F2C75029C00F487F2 /* MovieListInteractor.swift in Sources */,
				1ABFB2672C7F0ADC00473726 /* CustomErrorView.swift in Sources */,
				D3BF08812C7502B900F487F2 /* AppConfig.swift in Sources */,
				1A00363B2C6DE69500DC89C0 /* MovieSwipeView.swift in Sources */,
				1ABFB2652C7E16F700473726 /* BackButtonComponent.swift in Sources */,
				1ABFB2572C7B05A600473726 /* SwipeCard.swift in Sources */,
				D3BF087D2C75027700F487F2 /* Movie.swift in Sources */,
				1A0035EE2C66114B00DC89C0 /* MainAppView.swift in Sources */,
				A106CFD52C73536000762871 /* GenreView.swift in Sources */,
				5F0A47C82C6FA83700EAFC02 /* StartView.swift in Sources */,
				5FC30F1E2C870D3D00D07EAD /* TipKit.swift in Sources */,
				D3BF087B2C75026200F487F2 /* MovieDTOList.swift in Sources */,
				D32CA79E2C6C07C5009DF748 /* AppButton.swift in Sources */,
				5F51D2AC2C80C06400BA1318 /* MovieSelectionView.swift in Sources */,
				1A0036462C6DF67800DC89C0 /* Image+Extension.swift in Sources */,
				D306644A2C8A32A400ABED1A /* CellProvider.swift in Sources */,
				D3EF5B6B2C75F9C400558003 /* Enums.swift in Sources */,
				5FE312922C75E70700C0971F /* PlayerTextField.swift in Sources */,
				1A0036402C6DF5B100DC89C0 /* SwipeGestureModifier.swift in Sources */,
				D3BF08832C75030000F487F2 /* PreviewData.swift in Sources */,
				D3BF08772C75021400F487F2 /* URL.swift in Sources */,
				1A0035EC2C66114B00DC89C0 /* MovieFlickApp.swift in Sources */,
				5F0A47CA2C6FAF7300EAFC02 /* PlayersView.swift in Sources */,
				A1C77F4A2C676264008B018F /* GridCellComponent.swift in Sources */,
				1A0036782C7335C500DC89C0 /* SwipeViewPreviewData.swift in Sources */,
				5F5BC29C2C724ABE0019D8AC /* AppBackground.swift in Sources */,
				D32CA7962C6A01FA009DF748 /* StarsRateComponent.swift in Sources */,
				1ABFB2632C7DCE2200473726 /* UIDevice+Extension.swift in Sources */,
				1ABFB2612C7DC34200473726 /* ResultsView.swift in Sources */,
				5FEDFE1F2C83786900A01C04 /* GifImage.swift in Sources */,
				A106CFD32C73502200762871 /* FilterView.swift in Sources */,
				D30664482C89C54400ABED1A /* ProvidersView.swift in Sources */,
				5FFFEC552C71D738002FB36B /* ChooseTypeView.swift in Sources */,
				1ABFB25D2C7CE40200473726 /* NextPlayerView.swift in Sources */,
				1A0036442C6DF64400DC89C0 /* View+Extension.swift in Sources */,
				D329B1432C84E07C00808E1C /* TVSerieDTOList.swift in Sources */,
				1A0036422C6DF5F500DC89C0 /* PosterImgModfier.swift in Sources */,
			);
			runOnlyForDeploymentPostprocessing = 0;
		};
/* End PBXSourcesBuildPhase section */

/* Begin XCBuildConfiguration section */
		1A0035F42C66114C00DC89C0 /* Debug */ = {
			isa = XCBuildConfiguration;
			buildSettings = {
				ALWAYS_SEARCH_USER_PATHS = NO;
				ASSETCATALOG_COMPILER_GENERATE_SWIFT_ASSET_SYMBOL_EXTENSIONS = YES;
				CLANG_ANALYZER_NONNULL = YES;
				CLANG_ANALYZER_NUMBER_OBJECT_CONVERSION = YES_AGGRESSIVE;
				CLANG_CXX_LANGUAGE_STANDARD = "gnu++20";
				CLANG_ENABLE_MODULES = YES;
				CLANG_ENABLE_OBJC_ARC = YES;
				CLANG_ENABLE_OBJC_WEAK = YES;
				CLANG_WARN_BLOCK_CAPTURE_AUTORELEASING = YES;
				CLANG_WARN_BOOL_CONVERSION = YES;
				CLANG_WARN_COMMA = YES;
				CLANG_WARN_CONSTANT_CONVERSION = YES;
				CLANG_WARN_DEPRECATED_OBJC_IMPLEMENTATIONS = YES;
				CLANG_WARN_DIRECT_OBJC_ISA_USAGE = YES_ERROR;
				CLANG_WARN_DOCUMENTATION_COMMENTS = YES;
				CLANG_WARN_EMPTY_BODY = YES;
				CLANG_WARN_ENUM_CONVERSION = YES;
				CLANG_WARN_INFINITE_RECURSION = YES;
				CLANG_WARN_INT_CONVERSION = YES;
				CLANG_WARN_NON_LITERAL_NULL_CONVERSION = YES;
				CLANG_WARN_OBJC_IMPLICIT_RETAIN_SELF = YES;
				CLANG_WARN_OBJC_LITERAL_CONVERSION = YES;
				CLANG_WARN_OBJC_ROOT_CLASS = YES_ERROR;
				CLANG_WARN_QUOTED_INCLUDE_IN_FRAMEWORK_HEADER = YES;
				CLANG_WARN_RANGE_LOOP_ANALYSIS = YES;
				CLANG_WARN_STRICT_PROTOTYPES = YES;
				CLANG_WARN_SUSPICIOUS_MOVE = YES;
				CLANG_WARN_UNGUARDED_AVAILABILITY = YES_AGGRESSIVE;
				CLANG_WARN_UNREACHABLE_CODE = YES;
				CLANG_WARN__DUPLICATE_METHOD_MATCH = YES;
				COPY_PHASE_STRIP = NO;
				DEBUG_INFORMATION_FORMAT = dwarf;
				ENABLE_STRICT_OBJC_MSGSEND = YES;
				ENABLE_TESTABILITY = YES;
				ENABLE_USER_SCRIPT_SANDBOXING = YES;
				GCC_C_LANGUAGE_STANDARD = gnu17;
				GCC_DYNAMIC_NO_PIC = NO;
				GCC_NO_COMMON_BLOCKS = YES;
				GCC_OPTIMIZATION_LEVEL = 0;
				GCC_PREPROCESSOR_DEFINITIONS = (
					"DEBUG=1",
					"$(inherited)",
				);
				GCC_WARN_64_TO_32_BIT_CONVERSION = YES;
				GCC_WARN_ABOUT_RETURN_TYPE = YES_ERROR;
				GCC_WARN_UNDECLARED_SELECTOR = YES;
				GCC_WARN_UNINITIALIZED_AUTOS = YES_AGGRESSIVE;
				GCC_WARN_UNUSED_FUNCTION = YES;
				GCC_WARN_UNUSED_VARIABLE = YES;
				IPHONEOS_DEPLOYMENT_TARGET = 17.5;
				LOCALIZATION_PREFERS_STRING_CATALOGS = YES;
				MTL_ENABLE_DEBUG_INFO = INCLUDE_SOURCE;
				MTL_FAST_MATH = YES;
				ONLY_ACTIVE_ARCH = YES;
				SDKROOT = iphoneos;
				SWIFT_ACTIVE_COMPILATION_CONDITIONS = "DEBUG $(inherited)";
				SWIFT_OPTIMIZATION_LEVEL = "-Onone";
			};
			name = Debug;
		};
		1A0035F52C66114C00DC89C0 /* Release */ = {
			isa = XCBuildConfiguration;
			buildSettings = {
				ALWAYS_SEARCH_USER_PATHS = NO;
				ASSETCATALOG_COMPILER_GENERATE_SWIFT_ASSET_SYMBOL_EXTENSIONS = YES;
				CLANG_ANALYZER_NONNULL = YES;
				CLANG_ANALYZER_NUMBER_OBJECT_CONVERSION = YES_AGGRESSIVE;
				CLANG_CXX_LANGUAGE_STANDARD = "gnu++20";
				CLANG_ENABLE_MODULES = YES;
				CLANG_ENABLE_OBJC_ARC = YES;
				CLANG_ENABLE_OBJC_WEAK = YES;
				CLANG_WARN_BLOCK_CAPTURE_AUTORELEASING = YES;
				CLANG_WARN_BOOL_CONVERSION = YES;
				CLANG_WARN_COMMA = YES;
				CLANG_WARN_CONSTANT_CONVERSION = YES;
				CLANG_WARN_DEPRECATED_OBJC_IMPLEMENTATIONS = YES;
				CLANG_WARN_DIRECT_OBJC_ISA_USAGE = YES_ERROR;
				CLANG_WARN_DOCUMENTATION_COMMENTS = YES;
				CLANG_WARN_EMPTY_BODY = YES;
				CLANG_WARN_ENUM_CONVERSION = YES;
				CLANG_WARN_INFINITE_RECURSION = YES;
				CLANG_WARN_INT_CONVERSION = YES;
				CLANG_WARN_NON_LITERAL_NULL_CONVERSION = YES;
				CLANG_WARN_OBJC_IMPLICIT_RETAIN_SELF = YES;
				CLANG_WARN_OBJC_LITERAL_CONVERSION = YES;
				CLANG_WARN_OBJC_ROOT_CLASS = YES_ERROR;
				CLANG_WARN_QUOTED_INCLUDE_IN_FRAMEWORK_HEADER = YES;
				CLANG_WARN_RANGE_LOOP_ANALYSIS = YES;
				CLANG_WARN_STRICT_PROTOTYPES = YES;
				CLANG_WARN_SUSPICIOUS_MOVE = YES;
				CLANG_WARN_UNGUARDED_AVAILABILITY = YES_AGGRESSIVE;
				CLANG_WARN_UNREACHABLE_CODE = YES;
				CLANG_WARN__DUPLICATE_METHOD_MATCH = YES;
				COPY_PHASE_STRIP = NO;
				DEBUG_INFORMATION_FORMAT = "dwarf-with-dsym";
				ENABLE_NS_ASSERTIONS = NO;
				ENABLE_STRICT_OBJC_MSGSEND = YES;
				ENABLE_USER_SCRIPT_SANDBOXING = YES;
				GCC_C_LANGUAGE_STANDARD = gnu17;
				GCC_NO_COMMON_BLOCKS = YES;
				GCC_WARN_64_TO_32_BIT_CONVERSION = YES;
				GCC_WARN_ABOUT_RETURN_TYPE = YES_ERROR;
				GCC_WARN_UNDECLARED_SELECTOR = YES;
				GCC_WARN_UNINITIALIZED_AUTOS = YES_AGGRESSIVE;
				GCC_WARN_UNUSED_FUNCTION = YES;
				GCC_WARN_UNUSED_VARIABLE = YES;
				IPHONEOS_DEPLOYMENT_TARGET = 17.5;
				LOCALIZATION_PREFERS_STRING_CATALOGS = YES;
				MTL_ENABLE_DEBUG_INFO = NO;
				MTL_FAST_MATH = YES;
				SDKROOT = iphoneos;
				SWIFT_COMPILATION_MODE = wholemodule;
				VALIDATE_PRODUCT = YES;
			};
			name = Release;
		};
		1A0035F72C66114C00DC89C0 /* Debug */ = {
			isa = XCBuildConfiguration;
			buildSettings = {
				ASSETCATALOG_COMPILER_APPICON_NAME = AppIcon;
				ASSETCATALOG_COMPILER_GLOBAL_ACCENT_COLOR_NAME = AccentColor;
				CODE_SIGN_STYLE = Automatic;
				CURRENT_PROJECT_VERSION = 1;
				DEVELOPMENT_ASSET_PATHS = "\"MovieFlick/Preview Content\"";
				DEVELOPMENT_TEAM = 5X587S7WGV;
				ENABLE_PREVIEWS = YES;
				GENERATE_INFOPLIST_FILE = YES;
				INFOPLIST_KEY_UIApplicationSceneManifest_Generation = YES;
				INFOPLIST_KEY_UIApplicationSupportsIndirectInputEvents = YES;
				INFOPLIST_KEY_UILaunchScreen_Generation = YES;
				INFOPLIST_KEY_UISupportedInterfaceOrientations_iPad = "UIInterfaceOrientationPortrait UIInterfaceOrientationPortraitUpsideDown UIInterfaceOrientationLandscapeLeft UIInterfaceOrientationLandscapeRight";
				INFOPLIST_KEY_UISupportedInterfaceOrientations_iPhone = "UIInterfaceOrientationPortrait UIInterfaceOrientationLandscapeLeft UIInterfaceOrientationLandscapeRight";
				LD_RUNPATH_SEARCH_PATHS = (
					"$(inherited)",
					"@executable_path/Frameworks",
				);
				MARKETING_VERSION = 1.0;
				PRODUCT_BUNDLE_IDENTIFIER = com.bito.MovieFlick;
				PRODUCT_NAME = "$(TARGET_NAME)";
				SWIFT_EMIT_LOC_STRINGS = YES;
				SWIFT_VERSION = 5.0;
				TARGETED_DEVICE_FAMILY = "1,2";
			};
			name = Debug;
		};
		1A0035F82C66114C00DC89C0 /* Release */ = {
			isa = XCBuildConfiguration;
			buildSettings = {
				ASSETCATALOG_COMPILER_APPICON_NAME = AppIcon;
				ASSETCATALOG_COMPILER_GLOBAL_ACCENT_COLOR_NAME = AccentColor;
				CODE_SIGN_STYLE = Automatic;
				CURRENT_PROJECT_VERSION = 1;
				DEVELOPMENT_ASSET_PATHS = "\"MovieFlick/Preview Content\"";
				DEVELOPMENT_TEAM = 5X587S7WGV;
				ENABLE_PREVIEWS = YES;
				GENERATE_INFOPLIST_FILE = YES;
				INFOPLIST_KEY_UIApplicationSceneManifest_Generation = YES;
				INFOPLIST_KEY_UIApplicationSupportsIndirectInputEvents = YES;
				INFOPLIST_KEY_UILaunchScreen_Generation = YES;
				INFOPLIST_KEY_UISupportedInterfaceOrientations_iPad = "UIInterfaceOrientationPortrait UIInterfaceOrientationPortraitUpsideDown UIInterfaceOrientationLandscapeLeft UIInterfaceOrientationLandscapeRight";
				INFOPLIST_KEY_UISupportedInterfaceOrientations_iPhone = "UIInterfaceOrientationPortrait UIInterfaceOrientationLandscapeLeft UIInterfaceOrientationLandscapeRight";
				LD_RUNPATH_SEARCH_PATHS = (
					"$(inherited)",
					"@executable_path/Frameworks",
				);
				MARKETING_VERSION = 1.0;
				PRODUCT_BUNDLE_IDENTIFIER = com.bito.MovieFlick;
				PRODUCT_NAME = "$(TARGET_NAME)";
				SWIFT_EMIT_LOC_STRINGS = YES;
				SWIFT_VERSION = 5.0;
				TARGETED_DEVICE_FAMILY = "1,2";
			};
			name = Release;
		};
/* End XCBuildConfiguration section */

/* Begin XCConfigurationList section */
		1A0035E32C66114B00DC89C0 /* Build configuration list for PBXProject "MovieFlick" */ = {
			isa = XCConfigurationList;
			buildConfigurations = (
				1A0035F42C66114C00DC89C0 /* Debug */,
				1A0035F52C66114C00DC89C0 /* Release */,
			);
			defaultConfigurationIsVisible = 0;
			defaultConfigurationName = Release;
		};
		1A0035F62C66114C00DC89C0 /* Build configuration list for PBXNativeTarget "MovieFlick" */ = {
			isa = XCConfigurationList;
			buildConfigurations = (
				1A0035F72C66114C00DC89C0 /* Debug */,
				1A0035F82C66114C00DC89C0 /* Release */,
			);
			defaultConfigurationIsVisible = 0;
			defaultConfigurationName = Release;
		};
/* End XCConfigurationList section */

/* Begin XCRemoteSwiftPackageReference section */
		1A0036672C6F48F600DC89C0 /* XCRemoteSwiftPackageReference "NetworkPackage" */ = {
			isa = XCRemoteSwiftPackageReference;
			repositoryURL = "https://github.com/watchorpass/NetworkPackage";
			requirement = {
				branch = main;
				kind = branch;
			};
		};
/* End XCRemoteSwiftPackageReference section */

/* Begin XCSwiftPackageProductDependency section */
		1A0036682C6F48F600DC89C0 /* PackageNetwork */ = {
			isa = XCSwiftPackageProductDependency;
			package = 1A0036672C6F48F600DC89C0 /* XCRemoteSwiftPackageReference "NetworkPackage" */;
			productName = PackageNetwork;
		};
/* End XCSwiftPackageProductDependency section */
	};
	rootObject = 1A0035E02C66114B00DC89C0 /* Project object */;
}
