// !$*UTF8*$!
{
	archiveVersion = 1;
	classes = {
	};
	objectVersion = 56;
	objects = {

/* Begin PBXBuildFile section */
		1A0035EC2C66114B00DC89C0 /* MovieFlickApp.swift in Sources */ = {isa = PBXBuildFile; fileRef = 1A0035EB2C66114B00DC89C0 /* MovieFlickApp.swift */; };
		1A0035EE2C66114B00DC89C0 /* ContentView.swift in Sources */ = {isa = PBXBuildFile; fileRef = 1A0035ED2C66114B00DC89C0 /* ContentView.swift */; };
		1A0035F02C66114C00DC89C0 /* Assets.xcassets in Resources */ = {isa = PBXBuildFile; fileRef = 1A0035EF2C66114C00DC89C0 /* Assets.xcassets */; };
		1A0035F32C66114C00DC89C0 /* Preview Assets.xcassets in Resources */ = {isa = PBXBuildFile; fileRef = 1A0035F22C66114C00DC89C0 /* Preview Assets.xcassets */; };
		A1C77F4A2C676264008B018F /* GridCellComponent.swift in Sources */ = {isa = PBXBuildFile; fileRef = A1C77F492C676264008B018F /* GridCellComponent.swift */; };
		D32CA79E2C6C07C5009DF748 /* ButtonComponent.swift in Sources */ = {isa = PBXBuildFile; fileRef = D32CA79D2C6C07C5009DF748 /* ButtonComponent.swift */; };
		D32CA7962C6A01FA009DF748 /* StarsRateComponent.swift in Sources */ = {isa = PBXBuildFile; fileRef = D32CA7952C6A01FA009DF748 /* StarsRateComponent.swift */; };
/* End PBXBuildFile section */

/* Begin PBXFileReference section */
		1A0035E82C66114B00DC89C0 /* MovieFlick.app */ = {isa = PBXFileReference; explicitFileType = wrapper.application; includeInIndex = 0; path = MovieFlick.app; sourceTree = BUILT_PRODUCTS_DIR; };
		1A0035EB2C66114B00DC89C0 /* MovieFlickApp.swift */ = {isa = PBXFileReference; lastKnownFileType = sourcecode.swift; path = MovieFlickApp.swift; sourceTree = "<group>"; };
		1A0035ED2C66114B00DC89C0 /* ContentView.swift */ = {isa = PBXFileReference; lastKnownFileType = sourcecode.swift; path = ContentView.swift; sourceTree = "<group>"; };
		1A0035EF2C66114C00DC89C0 /* Assets.xcassets */ = {isa = PBXFileReference; lastKnownFileType = folder.assetcatalog; path = Assets.xcassets; sourceTree = "<group>"; };
		1A0035F22C66114C00DC89C0 /* Preview Assets.xcassets */ = {isa = PBXFileReference; lastKnownFileType = folder.assetcatalog; path = "Preview Assets.xcassets"; sourceTree = "<group>"; };
		A1C77F492C676264008B018F /* GridCellComponent.swift */ = {isa = PBXFileReference; lastKnownFileType = sourcecode.swift; path = GridCellComponent.swift; sourceTree = "<group>"; };
		D32CA79D2C6C07C5009DF748 /* ButtonComponent.swift */ = {isa = PBXFileReference; lastKnownFileType = sourcecode.swift; path = ButtonComponent.swift; sourceTree = "<group>"; };
		D32CA7952C6A01FA009DF748 /* StarsRateComponent.swift */ = {isa = PBXFileReference; lastKnownFileType = sourcecode.swift; path = StarsRateComponent.swift; sourceTree = "<group>"; };
/* End PBXFileReference section */

/* Begin PBXFrameworksBuildPhase section */
		1A0035E52C66114B00DC89C0 /* Frameworks */ = {
			isa = PBXFrameworksBuildPhase;
			buildActionMask = 2147483647;
			files = (
			);
			runOnlyForDeploymentPostprocessing = 0;
		};
/* End PBXFrameworksBuildPhase section */

/* Begin PBXGroup section */
		1A0035DF2C66114B00DC89C0 = {
			isa = PBXGroup;
			children = (
				1A0035EA2C66114B00DC89C0 /* MovieFlick */,
				1A0035E92C66114B00DC89C0 /* Products */,
			);
			sourceTree = "<group>";
		};
		1A0035E92C66114B00DC89C0 /* Products */ = {
			isa = PBXGroup;
			children = (
				1A0035E82C66114B00DC89C0 /* MovieFlick.app */,
			);
			name = Products;
			sourceTree = "<group>";
		};
		1A0035EA2C66114B00DC89C0 /* MovieFlick */ = {
			isa = PBXGroup;
			children = (
				1A00361E2C6754CD00DC89C0 /* Views */,
				1A0036212C67550300DC89C0 /* ViewModels */,
				1A0036222C67551800DC89C0 /* Models */,
				1A0036262C6755B700DC89C0 /* Network */,
				1A0036292C6756B400DC89C0 /* Utils */,
				1A0036282C67560B00DC89C0 /* AppConfig */,
				1A00361D2C67548C00DC89C0 /* Resources */,
				1A00361C2C67547F00DC89C0 /* System */,
				1A0035F12C66114C00DC89C0 /* Preview Content */,
			);
			path = MovieFlick;
			sourceTree = "<group>";
		};
		1A0035F12C66114C00DC89C0 /* Preview Content */ = {
			isa = PBXGroup;
			children = (
				1A0035F22C66114C00DC89C0 /* Preview Assets.xcassets */,
			);
			path = "Preview Content";
			sourceTree = "<group>";
		};
		1A00361C2C67547F00DC89C0 /* System */ = {
			isa = PBXGroup;
			children = (
				1A0035EB2C66114B00DC89C0 /* MovieFlickApp.swift */,
			);
			name = System;
			sourceTree = "<group>";
		};
		1A00361D2C67548C00DC89C0 /* Resources */ = {
			isa = PBXGroup;
			children = (
				1A0035EF2C66114C00DC89C0 /* Assets.xcassets */,
			);
			name = Resources;
			sourceTree = "<group>";
		};
		1A00361E2C6754CD00DC89C0 /* Views */ = {
			isa = PBXGroup;
			children = (
				1A00361F2C6754E600DC89C0 /* View */,
				1A0036202C6754F100DC89C0 /* Components */,
			);
			name = Views;
			sourceTree = "<group>";
		};
		1A00361F2C6754E600DC89C0 /* View */ = {
			isa = PBXGroup;
			children = (
				1A0035ED2C66114B00DC89C0 /* ContentView.swift */,
			);
			name = View;
			sourceTree = "<group>";
		};
		1A0036202C6754F100DC89C0 /* Components */ = {
			isa = PBXGroup;
			children = (
				A1C77F492C676264008B018F /* GridCellComponent.swift */,
				D32CA79D2C6C07C5009DF748 /* ButtonComponent.swift */,
				D32CA7952C6A01FA009DF748 /* StarsRateComponent.swift */,
			);
			name = Components;
			sourceTree = "<group>";
		};
		1A0036212C67550300DC89C0 /* ViewModels */ = {
			isa = PBXGroup;
			children = (
			);
			name = ViewModels;
			sourceTree = "<group>";
		};
		1A0036222C67551800DC89C0 /* Models */ = {
			isa = PBXGroup;
			children = (
				1A0036232C67554D00DC89C0 /* ModelDTO */,
				1A0036252C67559C00DC89C0 /* ModelOptions */,
				1A0036242C67555300DC89C0 /* Model */,
			);
			name = Models;
			sourceTree = "<group>";
		};
		1A0036232C67554D00DC89C0 /* ModelDTO */ = {
			isa = PBXGroup;
			children = (
			);
			name = ModelDTO;
			sourceTree = "<group>";
		};
		1A0036242C67555300DC89C0 /* Model */ = {
			isa = PBXGroup;
			children = (
			);
			name = Model;
			sourceTree = "<group>";
		};
		1A0036252C67559C00DC89C0 /* ModelOptions */ = {
			isa = PBXGroup;
			children = (
			);
			name = ModelOptions;
			sourceTree = "<group>";
		};
		1A0036262C6755B700DC89C0 /* Network */ = {
			isa = PBXGroup;
			children = (
				1A0036272C6755E200DC89C0 /* Interactors */,
			);
			name = Network;
			sourceTree = "<group>";
		};
		1A0036272C6755E200DC89C0 /* Interactors */ = {
			isa = PBXGroup;
			children = (
			);
			name = Interactors;
			sourceTree = "<group>";
		};
		1A0036282C67560B00DC89C0 /* AppConfig */ = {
			isa = PBXGroup;
			children = (
			);
			name = AppConfig;
			sourceTree = "<group>";
		};
		1A0036292C6756B400DC89C0 /* Utils */ = {
			isa = PBXGroup;
			children = (
				1A00362A2C6756B700DC89C0 /* Extensions */,
			);
			name = Utils;
			sourceTree = "<group>";
		};
		1A00362A2C6756B700DC89C0 /* Extensions */ = {
			isa = PBXGroup;
			children = (
			);
			name = Extensions;
			sourceTree = "<group>";
		};
/* End PBXGroup section */

/* Begin PBXNativeTarget section */
		1A0035E72C66114B00DC89C0 /* MovieFlick */ = {
			isa = PBXNativeTarget;
			buildConfigurationList = 1A0035F62C66114C00DC89C0 /* Build configuration list for PBXNativeTarget "MovieFlick" */;
			buildPhases = (
				1A0035E42C66114B00DC89C0 /* Sources */,
				1A0035E52C66114B00DC89C0 /* Frameworks */,
				1A0035E62C66114B00DC89C0 /* Resources */,
			);
			buildRules = (
			);
			dependencies = (
			);
			name = MovieFlick;
			productName = MovieFlick;
			productReference = 1A0035E82C66114B00DC89C0 /* MovieFlick.app */;
			productType = "com.apple.product-type.application";
		};
/* End PBXNativeTarget section */

/* Begin PBXProject section */
		1A0035E02C66114B00DC89C0 /* Project object */ = {
			isa = PBXProject;
			attributes = {
				BuildIndependentTargetsInParallel = 1;
				LastSwiftUpdateCheck = 1540;
				LastUpgradeCheck = 1540;
				TargetAttributes = {
					1A0035E72C66114B00DC89C0 = {
						CreatedOnToolsVersion = 15.4;
					};
				};
			};
			buildConfigurationList = 1A0035E32C66114B00DC89C0 /* Build configuration list for PBXProject "MovieFlick" */;
			compatibilityVersion = "Xcode 14.0";
			developmentRegion = en;
			hasScannedForEncodings = 0;
			knownRegions = (
				en,
				Base,
			);
			mainGroup = 1A0035DF2C66114B00DC89C0;
			productRefGroup = 1A0035E92C66114B00DC89C0 /* Products */;
			projectDirPath = "";
			projectRoot = "";
			targets = (
				1A0035E72C66114B00DC89C0 /* MovieFlick */,
			);
		};
/* End PBXProject section */

/* Begin PBXResourcesBuildPhase section */
		1A0035E62C66114B00DC89C0 /* Resources */ = {
			isa = PBXResourcesBuildPhase;
			buildActionMask = 2147483647;
			files = (
				1A0035F32C66114C00DC89C0 /* Preview Assets.xcassets in Resources */,
				1A0035F02C66114C00DC89C0 /* Assets.xcassets in Resources */,
			);
			runOnlyForDeploymentPostprocessing = 0;
		};
/* End PBXResourcesBuildPhase section */

/* Begin PBXSourcesBuildPhase section */
		1A0035E42C66114B00DC89C0 /* Sources */ = {
			isa = PBXSourcesBuildPhase;
			buildActionMask = 2147483647;
			files = (
				1A0035EE2C66114B00DC89C0 /* ContentView.swift in Sources */,
				D32CA79E2C6C07C5009DF748 /* ButtonComponent.swift in Sources */,
				1A0035EC2C66114B00DC89C0 /* MovieFlickApp.swift in Sources */,
				A1C77F4A2C676264008B018F /* GridCellComponent.swift in Sources */,
				D32CA7962C6A01FA009DF748 /* StarsRateComponent.swift in Sources */,
			);
			runOnlyForDeploymentPostprocessing = 0;
		};
/* End PBXSourcesBuildPhase section */

/* Begin XCBuildConfiguration section */
		1A0035F42C66114C00DC89C0 /* Debug */ = {
			isa = XCBuildConfiguration;
			buildSettings = {
				ALWAYS_SEARCH_USER_PATHS = NO;
				ASSETCATALOG_COMPILER_GENERATE_SWIFT_ASSET_SYMBOL_EXTENSIONS = YES;
				CLANG_ANALYZER_NONNULL = YES;
				CLANG_ANALYZER_NUMBER_OBJECT_CONVERSION = YES_AGGRESSIVE;
				CLANG_CXX_LANGUAGE_STANDARD = "gnu++20";
				CLANG_ENABLE_MODULES = YES;
				CLANG_ENABLE_OBJC_ARC = YES;
				CLANG_ENABLE_OBJC_WEAK = YES;
				CLANG_WARN_BLOCK_CAPTURE_AUTORELEASING = YES;
				CLANG_WARN_BOOL_CONVERSION = YES;
				CLANG_WARN_COMMA = YES;
				CLANG_WARN_CONSTANT_CONVERSION = YES;
				CLANG_WARN_DEPRECATED_OBJC_IMPLEMENTATIONS = YES;
				CLANG_WARN_DIRECT_OBJC_ISA_USAGE = YES_ERROR;
				CLANG_WARN_DOCUMENTATION_COMMENTS = YES;
				CLANG_WARN_EMPTY_BODY = YES;
				CLANG_WARN_ENUM_CONVERSION = YES;
				CLANG_WARN_INFINITE_RECURSION = YES;
				CLANG_WARN_INT_CONVERSION = YES;
				CLANG_WARN_NON_LITERAL_NULL_CONVERSION = YES;
				CLANG_WARN_OBJC_IMPLICIT_RETAIN_SELF = YES;
				CLANG_WARN_OBJC_LITERAL_CONVERSION = YES;
				CLANG_WARN_OBJC_ROOT_CLASS = YES_ERROR;
				CLANG_WARN_QUOTED_INCLUDE_IN_FRAMEWORK_HEADER = YES;
				CLANG_WARN_RANGE_LOOP_ANALYSIS = YES;
				CLANG_WARN_STRICT_PROTOTYPES = YES;
				CLANG_WARN_SUSPICIOUS_MOVE = YES;
				CLANG_WARN_UNGUARDED_AVAILABILITY = YES_AGGRESSIVE;
				CLANG_WARN_UNREACHABLE_CODE = YES;
				CLANG_WARN__DUPLICATE_METHOD_MATCH = YES;
				COPY_PHASE_STRIP = NO;
				DEBUG_INFORMATION_FORMAT = dwarf;
				ENABLE_STRICT_OBJC_MSGSEND = YES;
				ENABLE_TESTABILITY = YES;
				ENABLE_USER_SCRIPT_SANDBOXING = YES;
				GCC_C_LANGUAGE_STANDARD = gnu17;
				GCC_DYNAMIC_NO_PIC = NO;
				GCC_NO_COMMON_BLOCKS = YES;
				GCC_OPTIMIZATION_LEVEL = 0;
				GCC_PREPROCESSOR_DEFINITIONS = (
					"DEBUG=1",
					"$(inherited)",
				);
				GCC_WARN_64_TO_32_BIT_CONVERSION = YES;
				GCC_WARN_ABOUT_RETURN_TYPE = YES_ERROR;
				GCC_WARN_UNDECLARED_SELECTOR = YES;
				GCC_WARN_UNINITIALIZED_AUTOS = YES_AGGRESSIVE;
				GCC_WARN_UNUSED_FUNCTION = YES;
				GCC_WARN_UNUSED_VARIABLE = YES;
				IPHONEOS_DEPLOYMENT_TARGET = 17.5;
				LOCALIZATION_PREFERS_STRING_CATALOGS = YES;
				MTL_ENABLE_DEBUG_INFO = INCLUDE_SOURCE;
				MTL_FAST_MATH = YES;
				ONLY_ACTIVE_ARCH = YES;
				SDKROOT = iphoneos;
				SWIFT_ACTIVE_COMPILATION_CONDITIONS = "DEBUG $(inherited)";
				SWIFT_OPTIMIZATION_LEVEL = "-Onone";
			};
			name = Debug;
		};
		1A0035F52C66114C00DC89C0 /* Release */ = {
			isa = XCBuildConfiguration;
			buildSettings = {
				ALWAYS_SEARCH_USER_PATHS = NO;
				ASSETCATALOG_COMPILER_GENERATE_SWIFT_ASSET_SYMBOL_EXTENSIONS = YES;
				CLANG_ANALYZER_NONNULL = YES;
				CLANG_ANALYZER_NUMBER_OBJECT_CONVERSION = YES_AGGRESSIVE;
				CLANG_CXX_LANGUAGE_STANDARD = "gnu++20";
				CLANG_ENABLE_MODULES = YES;
				CLANG_ENABLE_OBJC_ARC = YES;
				CLANG_ENABLE_OBJC_WEAK = YES;
				CLANG_WARN_BLOCK_CAPTURE_AUTORELEASING = YES;
				CLANG_WARN_BOOL_CONVERSION = YES;
				CLANG_WARN_COMMA = YES;
				CLANG_WARN_CONSTANT_CONVERSION = YES;
				CLANG_WARN_DEPRECATED_OBJC_IMPLEMENTATIONS = YES;
				CLANG_WARN_DIRECT_OBJC_ISA_USAGE = YES_ERROR;
				CLANG_WARN_DOCUMENTATION_COMMENTS = YES;
				CLANG_WARN_EMPTY_BODY = YES;
				CLANG_WARN_ENUM_CONVERSION = YES;
				CLANG_WARN_INFINITE_RECURSION = YES;
				CLANG_WARN_INT_CONVERSION = YES;
				CLANG_WARN_NON_LITERAL_NULL_CONVERSION = YES;
				CLANG_WARN_OBJC_IMPLICIT_RETAIN_SELF = YES;
				CLANG_WARN_OBJC_LITERAL_CONVERSION = YES;
				CLANG_WARN_OBJC_ROOT_CLASS = YES_ERROR;
				CLANG_WARN_QUOTED_INCLUDE_IN_FRAMEWORK_HEADER = YES;
				CLANG_WARN_RANGE_LOOP_ANALYSIS = YES;
				CLANG_WARN_STRICT_PROTOTYPES = YES;
				CLANG_WARN_SUSPICIOUS_MOVE = YES;
				CLANG_WARN_UNGUARDED_AVAILABILITY = YES_AGGRESSIVE;
				CLANG_WARN_UNREACHABLE_CODE = YES;
				CLANG_WARN__DUPLICATE_METHOD_MATCH = YES;
				COPY_PHASE_STRIP = NO;
				DEBUG_INFORMATION_FORMAT = "dwarf-with-dsym";
				ENABLE_NS_ASSERTIONS = NO;
				ENABLE_STRICT_OBJC_MSGSEND = YES;
				ENABLE_USER_SCRIPT_SANDBOXING = YES;
				GCC_C_LANGUAGE_STANDARD = gnu17;
				GCC_NO_COMMON_BLOCKS = YES;
				GCC_WARN_64_TO_32_BIT_CONVERSION = YES;
				GCC_WARN_ABOUT_RETURN_TYPE = YES_ERROR;
				GCC_WARN_UNDECLARED_SELECTOR = YES;
				GCC_WARN_UNINITIALIZED_AUTOS = YES_AGGRESSIVE;
				GCC_WARN_UNUSED_FUNCTION = YES;
				GCC_WARN_UNUSED_VARIABLE = YES;
				IPHONEOS_DEPLOYMENT_TARGET = 17.5;
				LOCALIZATION_PREFERS_STRING_CATALOGS = YES;
				MTL_ENABLE_DEBUG_INFO = NO;
				MTL_FAST_MATH = YES;
				SDKROOT = iphoneos;
				SWIFT_COMPILATION_MODE = wholemodule;
				VALIDATE_PRODUCT = YES;
			};
			name = Release;
		};
		1A0035F72C66114C00DC89C0 /* Debug */ = {
			isa = XCBuildConfiguration;
			buildSettings = {
				ASSETCATALOG_COMPILER_APPICON_NAME = AppIcon;
				ASSETCATALOG_COMPILER_GLOBAL_ACCENT_COLOR_NAME = AccentColor;
				CODE_SIGN_STYLE = Automatic;
				CURRENT_PROJECT_VERSION = 1;
				DEVELOPMENT_ASSET_PATHS = "\"MovieFlick/Preview Content\"";
				DEVELOPMENT_TEAM = 5X587S7WGV;
				ENABLE_PREVIEWS = YES;
				GENERATE_INFOPLIST_FILE = YES;
				INFOPLIST_KEY_UIApplicationSceneManifest_Generation = YES;
				INFOPLIST_KEY_UIApplicationSupportsIndirectInputEvents = YES;
				INFOPLIST_KEY_UILaunchScreen_Generation = YES;
				INFOPLIST_KEY_UISupportedInterfaceOrientations_iPad = "UIInterfaceOrientationPortrait UIInterfaceOrientationPortraitUpsideDown UIInterfaceOrientationLandscapeLeft UIInterfaceOrientationLandscapeRight";
				INFOPLIST_KEY_UISupportedInterfaceOrientations_iPhone = "UIInterfaceOrientationPortrait UIInterfaceOrientationLandscapeLeft UIInterfaceOrientationLandscapeRight";
				LD_RUNPATH_SEARCH_PATHS = (
					"$(inherited)",
					"@executable_path/Frameworks",
				);
				MARKETING_VERSION = 1.0;
				PRODUCT_BUNDLE_IDENTIFIER = com.bito.MovieFlick;
				PRODUCT_NAME = "$(TARGET_NAME)";
				SWIFT_EMIT_LOC_STRINGS = YES;
				SWIFT_VERSION = 5.0;
				TARGETED_DEVICE_FAMILY = "1,2";
			};
			name = Debug;
		};
		1A0035F82C66114C00DC89C0 /* Release */ = {
			isa = XCBuildConfiguration;
			buildSettings = {
				ASSETCATALOG_COMPILER_APPICON_NAME = AppIcon;
				ASSETCATALOG_COMPILER_GLOBAL_ACCENT_COLOR_NAME = AccentColor;
				CODE_SIGN_STYLE = Automatic;
				CURRENT_PROJECT_VERSION = 1;
				DEVELOPMENT_ASSET_PATHS = "\"MovieFlick/Preview Content\"";
				DEVELOPMENT_TEAM = 5X587S7WGV;
				ENABLE_PREVIEWS = YES;
				GENERATE_INFOPLIST_FILE = YES;
				INFOPLIST_KEY_UIApplicationSceneManifest_Generation = YES;
				INFOPLIST_KEY_UIApplicationSupportsIndirectInputEvents = YES;
				INFOPLIST_KEY_UILaunchScreen_Generation = YES;
				INFOPLIST_KEY_UISupportedInterfaceOrientations_iPad = "UIInterfaceOrientationPortrait UIInterfaceOrientationPortraitUpsideDown UIInterfaceOrientationLandscapeLeft UIInterfaceOrientationLandscapeRight";
				INFOPLIST_KEY_UISupportedInterfaceOrientations_iPhone = "UIInterfaceOrientationPortrait UIInterfaceOrientationLandscapeLeft UIInterfaceOrientationLandscapeRight";
				LD_RUNPATH_SEARCH_PATHS = (
					"$(inherited)",
					"@executable_path/Frameworks",
				);
				MARKETING_VERSION = 1.0;
				PRODUCT_BUNDLE_IDENTIFIER = com.bito.MovieFlick;
				PRODUCT_NAME = "$(TARGET_NAME)";
				SWIFT_EMIT_LOC_STRINGS = YES;
				SWIFT_VERSION = 5.0;
				TARGETED_DEVICE_FAMILY = "1,2";
			};
			name = Release;
		};
/* End XCBuildConfiguration section */

/* Begin XCConfigurationList section */
		1A0035E32C66114B00DC89C0 /* Build configuration list for PBXProject "MovieFlick" */ = {
			isa = XCConfigurationList;
			buildConfigurations = (
				1A0035F42C66114C00DC89C0 /* Debug */,
				1A0035F52C66114C00DC89C0 /* Release */,
			);
			defaultConfigurationIsVisible = 0;
			defaultConfigurationName = Release;
		};
		1A0035F62C66114C00DC89C0 /* Build configuration list for PBXNativeTarget "MovieFlick" */ = {
			isa = XCConfigurationList;
			buildConfigurations = (
				1A0035F72C66114C00DC89C0 /* Debug */,
				1A0035F82C66114C00DC89C0 /* Release */,
			);
			defaultConfigurationIsVisible = 0;
			defaultConfigurationName = Release;
		};
/* End XCConfigurationList section */
	};
	rootObject = 1A0035E02C66114B00DC89C0 /* Project object */;
}
