{
  "originHash" : "4a67b0bc2346dc86d13005ead3d615f46a50dd5aef565886550e3aed926a9553",
  "pins" : [
    {
      "identity" : "networkpackage",
      "kind" : "remoteSourceControl",
      "location" : "https://github.com/watchorpass/NetworkPackage",
      "state" : {
        "branch" : "main",
        "revision" : "c6e2d98503a111a5d076635f411f1d8f2750f61d"
      }
    }
  ],
  "version" : 3
}
